
Microsoft Visual Studio Solution File, Format Version 12.00
# Visual Studio Version 17
VisualStudioVersion = 17.7.34031.279
MinimumVisualStudioVersion = 10.0.40219.1
Project("{FAE04EC0-301F-11D3-BF4B-00C04F79EFBC}") = "MatchGameV2", "MatchGameV2\MatchGameV2.csproj", "{92179E8B-318A-4C4D-89B7-17E149D1B253}"
EndProject
Global
	GlobalSection(SolutionConfigurationPlatforms) = preSolution
		Debug|Any CPU = Debug|Any CPU
		Release|Any CPU = Release|Any CPU
	EndGlobalSection
	GlobalSection(ProjectConfigurationPlatforms) = postSolution
		{92179E8B-318A-4C4D-89B7-17E149D1B253}.Debug|Any CPU.ActiveCfg = Debug|Any CPU
		{92179E8B-318A-4C4D-89B7-17E149D1B253}.Debug|Any CPU.Build.0 = Debug|Any CPU
		{92179E8B-318A-4C4D-89B7-17E149D1B253}.Release|Any CPU.ActiveCfg = Release|Any CPU
		{92179E8B-318A-4C4D-89B7-17E149D1B253}.Release|Any CPU.Build.0 = Release|Any CPU
	EndGlobalSection
	GlobalSection(SolutionProperties) = preSolution
		HideSolutionNode = FALSE
	EndGlobalSection
	GlobalSection(ExtensibilityGlobals) = postSolution
		SolutionGuid = {30373840-2E0C-4DF5-BF88-93440D48488B}
	EndGlobalSection
EndGlobal
